# This file is automatically @generated by Cargo.
# It is not intended for manual editing.
version = 4

[[package]]
name = "ast"
version = "0.0.1"

[[package]]
name = "bytecode"
version = "0.0.1"

[[package]]
name = "compiler"
version = "0.0.1"
dependencies = [
 "ast",
 "bytecode",
 "parser",
]

[[package]]
name = "gecko"
version = "0.0.1"
dependencies = [
 "bytecode",
 "compiler",
 "parser",
 "runtime",
]

[[package]]
name = "lexer"
version = "0.0.1"

[[package]]
name = "parser"
version = "0.0.1"
dependencies = [
 "ast",
 "lexer",
]

[[package]]
name = "runner"
version = "0.0.1"
dependencies = [
 "bytecode",
 "runtime",
]

[[package]]
name = "runtime"
version = "0.0.1"
dependencies = [
 "bytecode",
]
